
Microsoft Visual Studio Solution File, Format Version 12.00
# Visual Studio Version 17
VisualStudioVersion = 17.5.33414.496
MinimumVisualStudioVersion = 10.0.40219.1
Project("{FAE04EC0-301F-11D3-BF4B-00C04F79EFBC}") = "APKUrl", "APKUrl.csproj", "{51E5B6B9-75F9-4B95-975E-E3A5D5C775BA}"
EndProject
Global
	GlobalSection(SolutionConfigurationPlatforms) = preSolution
		Debug|Any CPU = Debug|Any CPU
		Release|Any CPU = Release|Any CPU
	EndGlobalSection
	GlobalSection(ProjectConfigurationPlatforms) = postSolution
		{51E5B6B9-75F9-4B95-975E-E3A5D5C775BA}.Debug|Any CPU.ActiveCfg = Debug|Any CPU
		{51E5B6B9-75F9-4B95-975E-E3A5D5C775BA}.Debug|Any CPU.Build.0 = Debug|Any CPU
		{51E5B6B9-75F9-4B95-975E-E3A5D5C775BA}.Release|Any CPU.ActiveCfg = Release|Any CPU
		{51E5B6B9-75F9-4B95-975E-E3A5D5C775BA}.Release|Any CPU.Build.0 = Release|Any CPU
	EndGlobalSection
	GlobalSection(SolutionProperties) = preSolution
		HideSolutionNode = FALSE
	EndGlobalSection
	GlobalSection(ExtensibilityGlobals) = postSolution
		SolutionGuid = {0B2AA985-72C5-4717-A4EB-C7087431A06B}
	EndGlobalSection
EndGlobal
